
Microsoft Visual Studio Solution File, Format Version 12.00
# Visual Studio 15
VisualStudioVersion = 15.0.28307.271
MinimumVisualStudioVersion = 10.0.40219.1
Project("{FAE04EC0-301F-11D3-BF4B-00C04F79EFBC}") = "TouchKeySample", "TouchKeySample.csproj", "{A828184E-838B-40FC-BEC0-EB9746F169EF}"
EndProject
Global
	GlobalSection(SolutionConfigurationPlatforms) = preSolution
		Debug|Any CPU = Debug|Any CPU
		Release|Any CPU = Release|Any CPU
	EndGlobalSection
	GlobalSection(ProjectConfigurationPlatforms) = postSolution
		{A828184E-838B-40FC-BEC0-EB9746F169EF}.Debug|Any CPU.ActiveCfg = Debug|Any CPU
		{A828184E-838B-40FC-BEC0-EB9746F169EF}.Debug|Any CPU.Build.0 = Debug|Any CPU
		{A828184E-838B-40FC-BEC0-EB9746F169EF}.Release|Any CPU.ActiveCfg = Release|Any CPU
		{A828184E-838B-40FC-BEC0-EB9746F169EF}.Release|Any CPU.Build.0 = Release|Any CPU
	EndGlobalSection
	GlobalSection(SolutionProperties) = preSolution
		HideSolutionNode = FALSE
	EndGlobalSection
	GlobalSection(ExtensibilityGlobals) = postSolution
		SolutionGuid = {4D145AB5-4E56-4C5C-A600-20A67129F719}
	EndGlobalSection
EndGlobal
